
Microsoft Visual Studio Solution File, Format Version 12.00
# Visual Studio Version 16
VisualStudioVersion = 16.0.30717.126
MinimumVisualStudioVersion = 10.0.40219.1
Project("{9A19103F-16F7-4668-BE54-9A1E7A4F7556}") = "QrCodeScanAPI", "QrCodeScanAPI.csproj", "{91E08CAF-4C1D-4B2C-9715-44119476843F}"
EndProject
Project("{9A19103F-16F7-4668-BE54-9A1E7A4F7556}") = "XtuScan", "XtuScan\XtuScan.csproj", "{3A515AB7-9C8F-4DCE-A799-A25AC26EBD48}"
EndProject
Global
	GlobalSection(SolutionConfigurationPlatforms) = preSolution
		Debug|Any CPU = Debug|Any CPU
		Release|Any CPU = Release|Any CPU
	EndGlobalSection
	GlobalSection(ProjectConfigurationPlatforms) = postSolution
		{91E08CAF-4C1D-4B2C-9715-44119476843F}.Debug|Any CPU.ActiveCfg = Debug|Any CPU
		{91E08CAF-4C1D-4B2C-9715-44119476843F}.Debug|Any CPU.Build.0 = Debug|Any CPU
		{91E08CAF-4C1D-4B2C-9715-44119476843F}.Release|Any CPU.ActiveCfg = Release|Any CPU
		{91E08CAF-4C1D-4B2C-9715-44119476843F}.Release|Any CPU.Build.0 = Release|Any CPU
		{3A515AB7-9C8F-4DCE-A799-A25AC26EBD48}.Debug|Any CPU.ActiveCfg = Debug|Any CPU
		{3A515AB7-9C8F-4DCE-A799-A25AC26EBD48}.Debug|Any CPU.Build.0 = Debug|Any CPU
		{3A515AB7-9C8F-4DCE-A799-A25AC26EBD48}.Release|Any CPU.ActiveCfg = Release|Any CPU
		{3A515AB7-9C8F-4DCE-A799-A25AC26EBD48}.Release|Any CPU.Build.0 = Release|Any CPU
	EndGlobalSection
	GlobalSection(SolutionProperties) = preSolution
		HideSolutionNode = FALSE
	EndGlobalSection
	GlobalSection(ExtensibilityGlobals) = postSolution
		SolutionGuid = {B97C1FBA-3175-420B-9CBA-C695EA24FC51}
	EndGlobalSection
EndGlobal
